
Microsoft Visual Studio Solution File, Format Version 12.00
# Visual Studio Version 17
VisualStudioVersion = 17.14.37411.7 d17.14
MinimumVisualStudioVersion = 10.0.40219.1
Project("{888888A0-9F3D-457C-B088-3A5042F75D52}") = "subdomain_finder", "subdomain_finder.pyproj", "{64B78D2F-2BA8-4BD0-B1AD-37112862D579}"
EndProject
Global
	GlobalSection(SolutionConfigurationPlatforms) = preSolution
		Debug|Any CPU = Debug|Any CPU
		Release|Any CPU = Release|Any CPU
	EndGlobalSection
	GlobalSection(ProjectConfigurationPlatforms) = postSolution
		{64B78D2F-2BA8-4BD0-B1AD-37112862D579}.Debug|Any CPU.ActiveCfg = Debug|Any CPU
		{64B78D2F-2BA8-4BD0-B1AD-37112862D579}.Release|Any CPU.ActiveCfg = Release|Any CPU
	EndGlobalSection
	GlobalSection(SolutionProperties) = preSolution
		HideSolutionNode = FALSE
	EndGlobalSection
	GlobalSection(ExtensibilityGlobals) = postSolution
		SolutionGuid = {0A97C425-3FC8-4394-8BE1-A0C0942B3EB3}
	EndGlobalSection
EndGlobal
